// !$*UTF8*$!
{
	archiveVersion = 1;
	classes = {
	};
	objectVersion = 46;
	objects = {

/* Begin PBXBuildFile section */
		278494821A13BDEA0044406D /* AppDelegate.swift in Sources */ = {isa = PBXBuildFile; fileRef = 278494811A13BDEA0044406D /* AppDelegate.swift */; };
		278494841A13BDEA0044406D /* ViewController.swift in Sources */ = {isa = PBXBuildFile; fileRef = 278494831A13BDEA0044406D /* ViewController.swift */; };
		278494871A13BDEA0044406D /* Main.storyboard in Resources */ = {isa = PBXBuildFile; fileRef = 278494851A13BDEA0044406D /* Main.storyboard */; };
		278494891A13BDEA0044406D /* Images.xcassets in Resources */ = {isa = PBXBuildFile; fileRef = 278494881A13BDEA0044406D /* Images.xcassets */; };
		2784948C1A13BDEA0044406D /* LaunchScreen.xib in Resources */ = {isa = PBXBuildFile; fileRef = 2784948A1A13BDEA0044406D /* LaunchScreen.xib */; };
		278494981A13BDEA0044406D /* FlickrViewerTests.swift in Sources */ = {isa = PBXBuildFile; fileRef = 278494971A13BDEA0044406D /* FlickrViewerTests.swift */; };
		278494A21A13BE280044406D /* FlickrHelper.swift in Sources */ = {isa = PBXBuildFile; fileRef = 278494A11A13BE280044406D /* FlickrHelper.swift */; };
		278494A41A13C0200044406D /* FlickrPhoto.swift in Sources */ = {isa = PBXBuildFile; fileRef = 278494A31A13C0200044406D /* FlickrPhoto.swift */; };
/* End PBXBuildFile section */

/* Begin PBXContainerItemProxy section */
		278494921A13BDEA0044406D /* PBXContainerItemProxy */ = {
			isa = PBXContainerItemProxy;
			containerPortal = 278494741A13BDEA0044406D /* Project object */;
			proxyType = 1;
			remoteGlobalIDString = 2784947B1A13BDEA0044406D;
			remoteInfo = FlickrViewer;
		};
/* End PBXContainerItemProxy section */

/* Begin PBXFileReference section */
		2784947C1A13BDEA0044406D /* FlickrViewer.app */ = {isa = PBXFileReference; explicitFileType = wrapper.application; includeInIndex = 0; path = FlickrViewer.app; sourceTree = BUILT_PRODUCTS_DIR; };
		278494801A13BDEA0044406D /* Info.plist */ = {isa = PBXFileReference; lastKnownFileType = text.plist.xml; path = Info.plist; sourceTree = "<group>"; };
		278494811A13BDEA0044406D /* AppDelegate.swift */ = {isa = PBXFileReference; lastKnownFileType = sourcecode.swift; path = AppDelegate.swift; sourceTree = "<group>"; };
		278494831A13BDEA0044406D /* ViewController.swift */ = {isa = PBXFileReference; lastKnownFileType = sourcecode.swift; path = ViewController.swift; sourceTree = "<group>"; };
		278494861A13BDEA0044406D /* Base */ = {isa = PBXFileReference; lastKnownFileType = file.storyboard; name = Base; path = Base.lproj/Main.storyboard; sourceTree = "<group>"; };
		278494881A13BDEA0044406D /* Images.xcassets */ = {isa = PBXFileReference; lastKnownFileType = folder.assetcatalog; path = Images.xcassets; sourceTree = "<group>"; };
		2784948B1A13BDEA0044406D /* Base */ = {isa = PBXFileReference; lastKnownFileType = file.xib; name = Base; path = Base.lproj/LaunchScreen.xib; sourceTree = "<group>"; };
		278494911A13BDEA0044406D /* FlickrViewerTests.xctest */ = {isa = PBXFileReference; explicitFileType = wrapper.cfbundle; includeInIndex = 0; path = FlickrViewerTests.xctest; sourceTree = BUILT_PRODUCTS_DIR; };
		278494961A13BDEA0044406D /* Info.plist */ = {isa = PBXFileReference; lastKnownFileType = text.plist.xml; path = Info.plist; sourceTree = "<group>"; };
		278494971A13BDEA0044406D /* FlickrViewerTests.swift */ = {isa = PBXFileReference; lastKnownFileType = sourcecode.swift; path = FlickrViewerTests.swift; sourceTree = "<group>"; };
		278494A11A13BE280044406D /* FlickrHelper.swift */ = {isa = PBXFileReference; fileEncoding = 4; lastKnownFileType = sourcecode.swift; path = FlickrHelper.swift; sourceTree = "<group>"; };
		278494A31A13C0200044406D /* FlickrPhoto.swift */ = {isa = PBXFileReference; fileEncoding = 4; lastKnownFileType = sourcecode.swift; path = FlickrPhoto.swift; sourceTree = "<group>"; };
/* End PBXFileReference section */

/* Begin PBXFrameworksBuildPhase section */
		278494791A13BDEA0044406D /* Frameworks */ = {
			isa = PBXFrameworksBuildPhase;
			buildActionMask = 2147483647;
			files = (
			);
			runOnlyForDeploymentPostprocessing = 0;
		};
		2784948E1A13BDEA0044406D /* Frameworks */ = {
			isa = PBXFrameworksBuildPhase;
			buildActionMask = 2147483647;
			files = (
			);
			runOnlyForDeploymentPostprocessing = 0;
		};
/* End PBXFrameworksBuildPhase section */

/* Begin PBXGroup section */
		278494731A13BDEA0044406D = {
			isa = PBXGroup;
			children = (
				2784947E1A13BDEA0044406D /* FlickrViewer */,
				278494941A13BDEA0044406D /* FlickrViewerTests */,
				2784947D1A13BDEA0044406D /* Products */,
			);
			sourceTree = "<group>";
		};
		2784947D1A13BDEA0044406D /* Products */ = {
			isa = PBXGroup;
			children = (
				2784947C1A13BDEA0044406D /* FlickrViewer.app */,
				278494911A13BDEA0044406D /* FlickrViewerTests.xctest */,
			);
			name = Products;
			sourceTree = "<group>";
		};
		2784947E1A13BDEA0044406D /* FlickrViewer */ = {
			isa = PBXGroup;
			children = (
				278494811A13BDEA0044406D /* AppDelegate.swift */,
				278494831A13BDEA0044406D /* ViewController.swift */,
				278494A11A13BE280044406D /* FlickrHelper.swift */,
				278494A31A13C0200044406D /* FlickrPhoto.swift */,
				278494851A13BDEA0044406D /* Main.storyboard */,
				278494881A13BDEA0044406D /* Images.xcassets */,
				2784948A1A13BDEA0044406D /* LaunchScreen.xib */,
				2784947F1A13BDEA0044406D /* Supporting Files */,
			);
			path = FlickrViewer;
			sourceTree = "<group>";
		};
		2784947F1A13BDEA0044406D /* Supporting Files */ = {
			isa = PBXGroup;
			children = (
				278494801A13BDEA0044406D /* Info.plist */,
			);
			name = "Supporting Files";
			sourceTree = "<group>";
		};
		278494941A13BDEA0044406D /* FlickrViewerTests */ = {
			isa = PBXGroup;
			children = (
				278494971A13BDEA0044406D /* FlickrViewerTests.swift */,
				278494951A13BDEA0044406D /* Supporting Files */,
			);
			path = FlickrViewerTests;
			sourceTree = "<group>";
		};
		278494951A13BDEA0044406D /* Supporting Files */ = {
			isa = PBXGroup;
			children = (
				278494961A13BDEA0044406D /* Info.plist */,
			);
			name = "Supporting Files";
			sourceTree = "<group>";
		};
/* End PBXGroup section */

/* Begin PBXNativeTarget section */
		2784947B1A13BDEA0044406D /* FlickrViewer */ = {
			isa = PBXNativeTarget;
			buildConfigurationList = 2784949B1A13BDEA0044406D /* Build configuration list for PBXNativeTarget "FlickrViewer" */;
			buildPhases = (
				278494781A13BDEA0044406D /* Sources */,
				278494791A13BDEA0044406D /* Frameworks */,
				2784947A1A13BDEA0044406D /* Resources */,
			);
			buildRules = (
			);
			dependencies = (
			);
			name = FlickrViewer;
			productName = FlickrViewer;
			productReference = 2784947C1A13BDEA0044406D /* FlickrViewer.app */;
			productType = "com.apple.product-type.application";
		};
		278494901A13BDEA0044406D /* FlickrViewerTests */ = {
			isa = PBXNativeTarget;
			buildConfigurationList = 2784949E1A13BDEA0044406D /* Build configuration list for PBXNativeTarget "FlickrViewerTests" */;
			buildPhases = (
				2784948D1A13BDEA0044406D /* Sources */,
				2784948E1A13BDEA0044406D /* Frameworks */,
				2784948F1A13BDEA0044406D /* Resources */,
			);
			buildRules = (
			);
			dependencies = (
				278494931A13BDEA0044406D /* PBXTargetDependency */,
			);
			name = FlickrViewerTests;
			productName = FlickrViewerTests;
			productReference = 278494911A13BDEA0044406D /* FlickrViewerTests.xctest */;
			productType = "com.apple.product-type.bundle.unit-test";
		};
/* End PBXNativeTarget section */

/* Begin PBXProject section */
		278494741A13BDEA0044406D /* Project object */ = {
			isa = PBXProject;
			attributes = {
				LastUpgradeCheck = 0610;
				ORGANIZATIONNAME = "Jorge Casariego";
				TargetAttributes = {
					2784947B1A13BDEA0044406D = {
						CreatedOnToolsVersion = 6.1;
					};
					278494901A13BDEA0044406D = {
						CreatedOnToolsVersion = 6.1;
						TestTargetID = 2784947B1A13BDEA0044406D;
					};
				};
			};
			buildConfigurationList = 278494771A13BDEA0044406D /* Build configuration list for PBXProject "FlickrViewer" */;
			compatibilityVersion = "Xcode 3.2";
			developmentRegion = English;
			hasScannedForEncodings = 0;
			knownRegions = (
				en,
				Base,
			);
			mainGroup = 278494731A13BDEA0044406D;
			productRefGroup = 2784947D1A13BDEA0044406D /* Products */;
			projectDirPath = "";
			projectRoot = "";
			targets = (
				2784947B1A13BDEA0044406D /* FlickrViewer */,
				278494901A13BDEA0044406D /* FlickrViewerTests */,
			);
		};
/* End PBXProject section */

/* Begin PBXResourcesBuildPhase section */
		2784947A1A13BDEA0044406D /* Resources */ = {
			isa = PBXResourcesBuildPhase;
			buildActionMask = 2147483647;
			files = (
				278494871A13BDEA0044406D /* Main.storyboard in Resources */,
				2784948C1A13BDEA0044406D /* LaunchScreen.xib in Resources */,
				278494891A13BDEA0044406D /* Images.xcassets in Resources */,
			);
			runOnlyForDeploymentPostprocessing = 0;
		};
		2784948F1A13BDEA0044406D /* Resources */ = {
			isa = PBXResourcesBuildPhase;
			buildActionMask = 2147483647;
			files = (
			);
			runOnlyForDeploymentPostprocessing = 0;
		};
/* End PBXResourcesBuildPhase section */

/* Begin PBXSourcesBuildPhase section */
		278494781A13BDEA0044406D /* Sources */ = {
			isa = PBXSourcesBuildPhase;
			buildActionMask = 2147483647;
			files = (
				278494A21A13BE280044406D /* FlickrHelper.swift in Sources */,
				278494A41A13C0200044406D /* FlickrPhoto.swift in Sources */,
				278494841A13BDEA0044406D /* ViewController.swift in Sources */,
				278494821A13BDEA0044406D /* AppDelegate.swift in Sources */,
			);
			runOnlyForDeploymentPostprocessing = 0;
		};
		2784948D1A13BDEA0044406D /* Sources */ = {
			isa = PBXSourcesBuildPhase;
			buildActionMask = 2147483647;
			files = (
				278494981A13BDEA0044406D /* FlickrViewerTests.swift in Sources */,
			);
			runOnlyForDeploymentPostprocessing = 0;
		};
/* End PBXSourcesBuildPhase section */

/* Begin PBXTargetDependency section */
		278494931A13BDEA0044406D /* PBXTargetDependency */ = {
			isa = PBXTargetDependency;
			target = 2784947B1A13BDEA0044406D /* FlickrViewer */;
			targetProxy = 278494921A13BDEA0044406D /* PBXContainerItemProxy */;
		};
/* End PBXTargetDependency section */

/* Begin PBXVariantGroup section */
		278494851A13BDEA0044406D /* Main.storyboard */ = {
			isa = PBXVariantGroup;
			children = (
				278494861A13BDEA0044406D /* Base */,
			);
			name = Main.storyboard;
			sourceTree = "<group>";
		};
		2784948A1A13BDEA0044406D /* LaunchScreen.xib */ = {
			isa = PBXVariantGroup;
			children = (
				2784948B1A13BDEA0044406D /* Base */,
			);
			name = LaunchScreen.xib;
			sourceTree = "<group>";
		};
/* End PBXVariantGroup section */

/* Begin XCBuildConfiguration section */
		278494991A13BDEA0044406D /* Debug */ = {
			isa = XCBuildConfiguration;
			buildSettings = {
				ALWAYS_SEARCH_USER_PATHS = NO;
				CLANG_CXX_LANGUAGE_STANDARD = "gnu++0x";
				CLANG_CXX_LIBRARY = "libc++";
				CLANG_ENABLE_MODULES = YES;
				CLANG_ENABLE_OBJC_ARC = YES;
				CLANG_WARN_BOOL_CONVERSION = YES;
				CLANG_WARN_CONSTANT_CONVERSION = YES;
				CLANG_WARN_DIRECT_OBJC_ISA_USAGE = YES_ERROR;
				CLANG_WARN_EMPTY_BODY = YES;
				CLANG_WARN_ENUM_CONVERSION = YES;
				CLANG_WARN_INT_CONVERSION = YES;
				CLANG_WARN_OBJC_ROOT_CLASS = YES_ERROR;
				CLANG_WARN_UNREACHABLE_CODE = YES;
				CLANG_WARN__DUPLICATE_METHOD_MATCH = YES;
				"CODE_SIGN_IDENTITY[sdk=iphoneos*]" = "iPhone Developer";
				COPY_PHASE_STRIP = NO;
				ENABLE_STRICT_OBJC_MSGSEND = YES;
				GCC_C_LANGUAGE_STANDARD = gnu99;
				GCC_DYNAMIC_NO_PIC = NO;
				GCC_OPTIMIZATION_LEVEL = 0;
				GCC_PREPROCESSOR_DEFINITIONS = (
					"DEBUG=1",
					"$(inherited)",
				);
				GCC_SYMBOLS_PRIVATE_EXTERN = NO;
				GCC_WARN_64_TO_32_BIT_CONVERSION = YES;
				GCC_WARN_ABOUT_RETURN_TYPE = YES_ERROR;
				GCC_WARN_UNDECLARED_SELECTOR = YES;
				GCC_WARN_UNINITIALIZED_AUTOS = YES_AGGRESSIVE;
				GCC_WARN_UNUSED_FUNCTION = YES;
				GCC_WARN_UNUSED_VARIABLE = YES;
				IPHONEOS_DEPLOYMENT_TARGET = 8.1;
				MTL_ENABLE_DEBUG_INFO = YES;
				ONLY_ACTIVE_ARCH = YES;
				SDKROOT = iphoneos;
				SWIFT_OPTIMIZATION_LEVEL = "-Onone";
			};
			name = Debug;
		};
		2784949A1A13BDEA0044406D /* Release */ = {
			isa = XCBuildConfiguration;
			buildSettings = {
				ALWAYS_SEARCH_USER_PATHS = NO;
				CLANG_CXX_LANGUAGE_STANDARD = "gnu++0x";
				CLANG_CXX_LIBRARY = "libc++";
				CLANG_ENABLE_MODULES = YES;
				CLANG_ENABLE_OBJC_ARC = YES;
				CLANG_WARN_BOOL_CONVERSION = YES;
				CLANG_WARN_CONSTANT_CONVERSION = YES;
				CLANG_WARN_DIRECT_OBJC_ISA_USAGE = YES_ERROR;
				CLANG_WARN_EMPTY_BODY = YES;
				CLANG_WARN_ENUM_CONVERSION = YES;
				CLANG_WARN_INT_CONVERSION = YES;
				CLANG_WARN_OBJC_ROOT_CLASS = YES_ERROR;
				CLANG_WARN_UNREACHABLE_CODE = YES;
				CLANG_WARN__DUPLICATE_METHOD_MATCH = YES;
				"CODE_SIGN_IDENTITY[sdk=iphoneos*]" = "iPhone Developer";
				COPY_PHASE_STRIP = YES;
				ENABLE_NS_ASSERTIONS = NO;
				ENABLE_STRICT_OBJC_MSGSEND = YES;
				GCC_C_LANGUAGE_STANDARD = gnu99;
				GCC_WARN_64_TO_32_BIT_CONVERSION = YES;
				GCC_WARN_ABOUT_RETURN_TYPE = YES_ERROR;
				GCC_WARN_UNDECLARED_SELECTOR = YES;
				GCC_WARN_UNINITIALIZED_AUTOS = YES_AGGRESSIVE;
				GCC_WARN_UNUSED_FUNCTION = YES;
				GCC_WARN_UNUSED_VARIABLE = YES;
				IPHONEOS_DEPLOYMENT_TARGET = 8.1;
				MTL_ENABLE_DEBUG_INFO = NO;
				SDKROOT = iphoneos;
				VALIDATE_PRODUCT = YES;
			};
			name = Release;
		};
		2784949C1A13BDEA0044406D /* Debug */ = {
			isa = XCBuildConfiguration;
			buildSettings = {
				ASSETCATALOG_COMPILER_APPICON_NAME = AppIcon;
				INFOPLIST_FILE = FlickrViewer/Info.plist;
				LD_RUNPATH_SEARCH_PATHS = "$(inherited) @executable_path/Frameworks";
				PRODUCT_NAME = "$(TARGET_NAME)";
			};
			name = Debug;
		};
		2784949D1A13BDEA0044406D /* Release */ = {
			isa = XCBuildConfiguration;
			buildSettings = {
				ASSETCATALOG_COMPILER_APPICON_NAME = AppIcon;
				INFOPLIST_FILE = FlickrViewer/Info.plist;
				LD_RUNPATH_SEARCH_PATHS = "$(inherited) @executable_path/Frameworks";
				PRODUCT_NAME = "$(TARGET_NAME)";
			};
			name = Release;
		};
		2784949F1A13BDEA0044406D /* Debug */ = {
			isa = XCBuildConfiguration;
			buildSettings = {
				BUNDLE_LOADER = "$(TEST_HOST)";
				FRAMEWORK_SEARCH_PATHS = (
					"$(SDKROOT)/Developer/Library/Frameworks",
					"$(inherited)",
				);
				GCC_PREPROCESSOR_DEFINITIONS = (
					"DEBUG=1",
					"$(inherited)",
				);
				INFOPLIST_FILE = FlickrViewerTests/Info.plist;
				LD_RUNPATH_SEARCH_PATHS = "$(inherited) @executable_path/Frameworks @loader_path/Frameworks";
				PRODUCT_NAME = "$(TARGET_NAME)";
				TEST_HOST = "$(BUILT_PRODUCTS_DIR)/FlickrViewer.app/FlickrViewer";
			};
			name = Debug;
		};
		278494A01A13BDEA0044406D /* Release */ = {
			isa = XCBuildConfiguration;
			buildSettings = {
				BUNDLE_LOADER = "$(TEST_HOST)";
				FRAMEWORK_SEARCH_PATHS = (
					"$(SDKROOT)/Developer/Library/Frameworks",
					"$(inherited)",
				);
				INFOPLIST_FILE = FlickrViewerTests/Info.plist;
				LD_RUNPATH_SEARCH_PATHS = "$(inherited) @executable_path/Frameworks @loader_path/Frameworks";
				PRODUCT_NAME = "$(TARGET_NAME)";
				TEST_HOST = "$(BUILT_PRODUCTS_DIR)/FlickrViewer.app/FlickrViewer";
			};
			name = Release;
		};
/* End XCBuildConfiguration section */

/* Begin XCConfigurationList section */
		278494771A13BDEA0044406D /* Build configuration list for PBXProject "FlickrViewer" */ = {
			isa = XCConfigurationList;
			buildConfigurations = (
				278494991A13BDEA0044406D /* Debug */,
				2784949A1A13BDEA0044406D /* Release */,
			);
			defaultConfigurationIsVisible = 0;
			defaultConfigurationName = Release;
		};
		2784949B1A13BDEA0044406D /* Build configuration list for PBXNativeTarget "FlickrViewer" */ = {
			isa = XCConfigurationList;
			buildConfigurations = (
				2784949C1A13BDEA0044406D /* Debug */,
				2784949D1A13BDEA0044406D /* Release */,
			);
			defaultConfigurationIsVisible = 0;
		};
		2784949E1A13BDEA0044406D /* Build configuration list for PBXNativeTarget "FlickrViewerTests" */ = {
			isa = XCConfigurationList;
			buildConfigurations = (
				2784949F1A13BDEA0044406D /* Debug */,
				278494A01A13BDEA0044406D /* Release */,
			);
			defaultConfigurationIsVisible = 0;
		};
/* End XCConfigurationList section */
	};
	rootObject = 278494741A13BDEA0044406D /* Project object */;
}
